
Microsoft Visual Studio Solution File, Format Version 12.00
# Visual Studio Version 17
VisualStudioVersion = 17.11.35208.52
MinimumVisualStudioVersion = 10.0.40219.1
Project("{FAE04EC0-301F-11D3-BF4B-00C04F79EFBC}") = "CodeFirstApproach", "CodeFirstApproach\CodeFirstApproach.csproj", "{860C9C4E-A003-467D-B7B0-8A550273BEAF}"
EndProject
Global
	GlobalSection(SolutionConfigurationPlatforms) = preSolution
		Debug|Any CPU = Debug|Any CPU
		Release|Any CPU = Release|Any CPU
	EndGlobalSection
	GlobalSection(ProjectConfigurationPlatforms) = postSolution
		{860C9C4E-A003-467D-B7B0-8A550273BEAF}.Debug|Any CPU.ActiveCfg = Debug|Any CPU
		{860C9C4E-A003-467D-B7B0-8A550273BEAF}.Debug|Any CPU.Build.0 = Debug|Any CPU
		{860C9C4E-A003-467D-B7B0-8A550273BEAF}.Release|Any CPU.ActiveCfg = Release|Any CPU
		{860C9C4E-A003-467D-B7B0-8A550273BEAF}.Release|Any CPU.Build.0 = Release|Any CPU
	EndGlobalSection
	GlobalSection(SolutionProperties) = preSolution
		HideSolutionNode = FALSE
	EndGlobalSection
	GlobalSection(ExtensibilityGlobals) = postSolution
		SolutionGuid = {3A6CACDF-8E50-4E27-87ED-69293E78E029}
	EndGlobalSection
EndGlobal
